{
  "lockfileVersion": 1,
  "configVersion": 1,
  "workspaces": {
    "": {
      "name": "agent-remote",
      "dependencies": {
        "hypercore-id-encoding": "^1.3.0",
        "hyperdht": "^6.29.6",
        "hypershell": "^0.0.15",
        "protomux": "^3.7.0",
      },
    },
  },
  "packages": {
    "@hyperswarm/secret-stream": ["@hyperswarm/secret-stream@6.9.1", "", { "dependencies": { "b4a": "^1.1.0", "hypercore-crypto": "^3.3.1", "noise-curve-ed": "^2.0.1", "noise-handshake": "^4.0.0", "sodium-secretstream": "^1.1.0", "sodium-universal": "^5.0.0", "streamx": "^2.14.0", "timeout-refresh": "^2.0.0", "unslab": "^1.3.0" } }, "sha512-xb0S5y3YJwBakD77JOGBHlBxdp63mHClZoXBYoLv+9wH8e054ESKlmQptWqjJK5dv5VMUIVYOJB4MaOpB0JdGw=="],

    "adaptive-timeout": ["adaptive-timeout@1.0.1", "", { "dependencies": { "xache": "^1.2.1" } }, "sha512-+seGiBtHqbnyZ0Quq/ZGxxwP66153WBABawa07/QeyuPFzbduPBjiGQAyCiriiLDzt3dkbMBskSlfqtRwblK8Q=="],

    "b4a": ["b4a@1.8.0", "", { "peerDependencies": { "react-native-b4a": "*" }, "optionalPeers": ["react-native-b4a"] }, "sha512-qRuSmNSkGQaHwNbM7J78Wwy+ghLEYF1zNrSeMxj4Kgw6y33O3mXcQ6Ie9fRvfU/YnxWkOchPXbaLb73TkIsfdg=="],

    "bare-abort": ["bare-abort@2.0.13", "", {}, "sha512-zdc8l88eB11Jsz5rDd6sCAgv2kUFXgdrZWoMlgU6JMkfAi1/uuGFC3IEHswKbIRQTk5H3T5CMuechsXYxiaHlQ=="],

    "bare-addon-resolve": ["bare-addon-resolve@1.10.0", "", { "dependencies": { "bare-module-resolve": "^1.10.0", "bare-semver": "^1.0.0" }, "peerDependencies": { "bare-url": "*" }, "optionalPeers": ["bare-url"] }, "sha512-sSd0jieRJlDaODOzj0oe0RjFVC1QI0ZIjGIdPkbrTXsdVVtENg14c+lHHAhHwmWCZ2nQlMhy8jA3Y5LYPc/isA=="],

    "bare-ansi-escapes": ["bare-ansi-escapes@2.2.3", "", { "dependencies": { "bare-stream": "^2.6.5" }, "peerDependencies": { "bare-buffer": "*" }, "optionalPeers": ["bare-buffer"] }, "sha512-02ES4/E2RbrtZSnHJ9LntBhYkLA6lPpSEeP8iqS3MccBIVhVBlEmruF1I7HZqx5Q8aiTeYfQVeqmrU9YO2yYoQ=="],

    "bare-assert": ["bare-assert@1.2.0", "", { "dependencies": { "bare-inspect": "^3.1.2" } }, "sha512-c6uvgvTJBspTDxtVnPgrBKmLgcpW3Fp72NVKDLg6oT4QjQbhGtvrkHMhGYMK1sh4vjBHOBmuUalyt9hSzV37fQ=="],

    "bare-env": ["bare-env@3.0.0", "", { "dependencies": { "bare-os": "^3.0.1" } }, "sha512-0u964P5ZLAxTi+lW4Kjp7YRJQ5gZr9ycYOtjLxsSrupgMz3sn5Z9n4SH/JIifHwvadsf1brA2JAjP+9IOWwTiw=="],

    "bare-events": ["bare-events@2.8.2", "", { "peerDependencies": { "bare-abort-controller": "*" }, "optionalPeers": ["bare-abort-controller"] }, "sha512-riJjyv1/mHLIPX4RwiK+oW9/4c3TEUeORHKefKAKnZ5kyslbN+HXowtbaVEqt4IMUB7OXlfixcs6gsFeo/jhiQ=="],

    "bare-hrtime": ["bare-hrtime@2.1.1", "", {}, "sha512-VMb3tHo05gsnbu3OXTmkDiwTjMlOsbQmKoysKqKEyR09m77TuDrYFbj3Q5GGk10dAKsUHrnXmwCaeJqzVpB5ZA=="],

    "bare-inspect": ["bare-inspect@3.1.4", "", { "dependencies": { "bare-ansi-escapes": "^2.1.0", "bare-type": "^1.0.0" } }, "sha512-jfW5KRA84o3REpI6Vr4nbvMn+hqVAw8GU1mMdRwUsY5yJovQamxYeKGVKGqdzs+8ZbG4jRzGUXP/3Ji/DnqfPg=="],

    "bare-module-resolve": ["bare-module-resolve@1.12.1", "", { "dependencies": { "bare-semver": "^1.0.0" }, "peerDependencies": { "bare-url": "*" }, "optionalPeers": ["bare-url"] }, "sha512-hbmAPyFpEq8FoZMd5sFO3u6MC5feluWoGE8YKlA8fCrl6mNtx68Wjg4DTiDJcqRJaovTvOYKfYngoBUnbaT7eg=="],

    "bare-os": ["bare-os@3.8.0", "", {}, "sha512-Dc9/SlwfxkXIGYhvMQNUtKaXCaGkZYGcd1vuNUUADVqzu4/vQfvnMkYYOUnt2VwQ2AqKr/8qAVFRtwETljgeFg=="],

    "bare-pipe": ["bare-pipe@4.1.5", "", { "dependencies": { "bare-events": "^2.0.0", "bare-stream": "^2.0.0" } }, "sha512-6OfxaG8JSkRh3Gc4hzHRsxNt+yu2PpN7lrv1V+T78GdknWQkVGwiEvu4m+1nbfk8cMVQ0TGxRvQ90XA4rhnTuw=="],

    "bare-process": ["bare-process@4.3.0", "", { "dependencies": { "bare-abort": "^2.0.13", "bare-env": "^3.0.0", "bare-events": "^2.3.1", "bare-hrtime": "^2.0.0", "bare-os": "^3.7.1", "bare-pipe": "^4.0.0", "bare-signals": "^4.0.0", "bare-tty": "^5.0.0" } }, "sha512-HwtAdKbqS98V+jeWAagUdzkrJR4vtuPeeWlsoeD1YKTqM1hKUWM2eU+l2diUYeTqFfxY9b6J9SsBLuBukH0tMQ=="],

    "bare-semver": ["bare-semver@1.0.2", "", {}, "sha512-ESVaN2nzWhcI5tf3Zzcq9aqCZ676VWzqw07eEZ0qxAcEOAFYBa0pWq8sK34OQeHLY3JsfKXZS9mDyzyxGjeLzA=="],

    "bare-signals": ["bare-signals@4.2.0", "", { "dependencies": { "bare-events": "^2.5.3", "bare-os": "^3.3.1" } }, "sha512-fNHMOdQIlYuTvMB3Oh9Apk99hLKn351+Ir8vz+khiPTcOqIyGG4uWWjdLTzxWdYGsA0eT+We3y0K74hjj2nq7A=="],

    "bare-stream": ["bare-stream@2.10.0", "", { "dependencies": { "streamx": "^2.25.0", "teex": "^1.0.1" }, "peerDependencies": { "bare-buffer": "*", "bare-events": "*" }, "optionalPeers": ["bare-buffer", "bare-events"] }, "sha512-DOPZF/DDcDruKDA43cOw6e9Quq5daua7ygcAwJE/pKJsRWhgSSemi7qVNGE5kyDIxIeN1533G/zfbvWX7Wcb9w=="],

    "bare-tty": ["bare-tty@5.0.3", "", { "dependencies": { "bare-events": "^2.2.0", "bare-signals": "^4.0.0", "bare-stream": "^2.0.0" } }, "sha512-jW24RBWRZOMHuSEWC9mh8wUKO5WUNl0UWUTNPn3yZ8qkOqwa8vaV2dR3a+BvblONPk7V35wuvK9P8508+judAg=="],

    "bare-type": ["bare-type@1.1.0", "", {}, "sha512-LdtnnEEYldOc87Dr4GpsKnStStZk3zfgoEMXy8yvEZkXrcCv9RtYDrUYWFsBQHtaB0s1EUWmcvS6XmEZYIj3Bw=="],

    "base64-js": ["base64-js@1.5.1", "", {}, "sha512-AKpaYlHn8t4SVbOHCy+b5+KKgvR4vrsD8vbvrbiQJps7fKDTkjkDry6ji0rUJjC0kzbNePLwzxq8iypo41qeWA=="],

    "bits-to-bytes": ["bits-to-bytes@1.3.0", "", { "dependencies": { "b4a": "^1.5.0" } }, "sha512-OJoHTpFXS9bXHBCekGTByf3MqM8CGblBDIduKQeeVVeiU9dDWywSSirXIBYGgg3d1zbVuvnMa1vD4r6PA0kOKg=="],

    "bl": ["bl@4.1.0", "", { "dependencies": { "buffer": "^5.5.0", "inherits": "^2.0.4", "readable-stream": "^3.4.0" } }, "sha512-1W07cM9gS6DcLperZfFSj+bWLtaPGSOHWhPiGzXmvVJbRLdG82sH/Kn8EtW1VqWVA54AKf2h5k5BbnIbwF3h6w=="],

    "blind-relay": ["blind-relay@1.4.0", "", { "dependencies": { "b4a": "^1.6.4", "bare-events": "^2.2.0", "bits-to-bytes": "^1.3.0", "compact-encoding": "^2.12.0", "compact-encoding-bitfield": "^1.0.0", "protomux": "^3.5.1", "sodium-universal": "^5.0.0", "streamx": "^2.15.1" } }, "sha512-6xt7fDfCs6eGmNNym6I9N42jmjcMQn2qwwOVnkP9ZnrkXFk6c4/tdO1xqRmDEzKzV8gigd+DVdCUG/RUYnen7Q=="],

    "bogon": ["bogon@1.2.0", "", { "dependencies": { "compact-encoding": "^2.11.0", "compact-encoding-net": "^1.2.0" } }, "sha512-FqOBr/1VMzCOsoJd+fzNUMarUYki2+TKt07A2+xaulsNx4r53iJ7MV5k0jbqg7W2U0CsLqxCZOrFibdG6h6HSg=="],

    "buffer": ["buffer@5.7.1", "", { "dependencies": { "base64-js": "^1.3.1", "ieee754": "^1.1.13" } }, "sha512-EHcyIPBQ4BSGlvjB16k5KgAJ27CIsHY/2JBmCRReo48y9rQ3MaUzWX3KVlBa4U7MyX02HdVj0K7C3WaB3ju7FQ=="],

    "chownr": ["chownr@1.1.4", "", {}, "sha512-jJ0bqzaylmJtVnNgzTeSOs8DPavpbYgEr/b0YL8/2GO3xJEhInFmhKMUnEJQjZumK7KXGFhUy89PrsJWlakBVg=="],

    "commander": ["commander@9.5.0", "", {}, "sha512-KRs7WVDKg86PWiuAqhDrAQnTXZKraVcCc6vFdL14qrZ/DcWwuRo7VoiYXalXO7S5GKpqYiVEwCbgFDfxNHKJBQ=="],

    "compact-encoding": ["compact-encoding@2.19.1", "", { "dependencies": { "b4a": "^1.3.0" } }, "sha512-4J4FHc5UugLv2YMss1tL8OBZdgR0vVkV4EuXoAqFS4NbK4gz0Qp+E+VGUnwvDqmMOw2ce/H8duXh3rreC0Qccg=="],

    "compact-encoding-bitfield": ["compact-encoding-bitfield@1.0.0", "", { "dependencies": { "compact-encoding": "^2.4.1" } }, "sha512-3nMVKUg+PF72UHfainmCL8uKvyWfxsjqOtUY+HiMPGLPCTjnwzoKfFAMo1Ad7nwTPdjBqtGK5b3BOFTFW4EBTg=="],

    "compact-encoding-net": ["compact-encoding-net@1.2.0", "", { "dependencies": { "compact-encoding": "^2.4.1" } }, "sha512-LVXpNpF7PGQeHRVVLGgYWzuVoYAaDZvKUsUxRioGfkotzvOh4AzoQF1HBH3zMNaSnx7gJXuUr3hkjnijaH/Eng=="],

    "dht-rpc": ["dht-rpc@6.26.3", "", { "dependencies": { "adaptive-timeout": "^1.0.1", "b4a": "^1.6.1", "bare-events": "^2.2.0", "compact-encoding": "^2.11.0", "compact-encoding-net": "^1.2.0", "fast-fifo": "^1.1.0", "kademlia-routing-table": "^1.0.1", "nat-sampler": "^1.0.1", "sodium-universal": "^5.0.0", "streamx": "^2.13.2", "time-ordered-set": "^2.0.0", "udx-native": "^1.5.3" } }, "sha512-KuLfRv/hecUHipQcTXHpVv4/N4Jhpww5sLdsrn3Edm5oHwzK9SgNV34hNt7a2aVZCOcG5SfP4AvcQ7pI+y9YNg=="],

    "end-of-stream": ["end-of-stream@1.4.5", "", { "dependencies": { "once": "^1.4.0" } }, "sha512-ooEGc6HP26xXq/N+GCGOT0JKCLDGrq2bQUZrQ7gyrJiZANJ/8YDTxTpQBXGMn+WbIQXNVpyWymm7KYVICQnyOg=="],

    "events-universal": ["events-universal@1.0.1", "", { "dependencies": { "bare-events": "^2.7.0" } }, "sha512-LUd5euvbMLpwOF8m6ivPCbhQeSiYVNb8Vs0fQ8QjXo0JTkEHpz8pxdQf0gStltaPpw0Cca8b39KxvK9cfKRiAw=="],

    "fast-fifo": ["fast-fifo@1.3.2", "", {}, "sha512-/d9sfos4yxzpwkDkuN7k2SqFKtYNmCTzgfEpz82x34IM9/zc8KGxQoXg1liNC/izpRM/MBdt44Nmx41ZWqk+FQ=="],

    "fs-constants": ["fs-constants@1.0.0", "", {}, "sha512-y6OAwoSIf7FyjMIv94u+b5rdheZEjzR63GTyZJm5qh4Bi+2YgwLCcI/fPFZkL5PSixOt6ZNKm+w+Hfp/Bciwow=="],

    "graceful-goodbye": ["graceful-goodbye@1.3.3", "", { "dependencies": { "bare-process": "^4.0.0", "safety-catch": "^1.0.2" } }, "sha512-ABj07mmHrK3FC8fJ3PP5QCrbA31zkB4Qg34NFmYgwJnBxzfbRmtMzOg54PL55OG5sFjvmBzD0q85JAtRlA3dSA=="],

    "hypercore-crypto": ["hypercore-crypto@3.6.1", "", { "dependencies": { "b4a": "^1.6.6", "compact-encoding": "^2.15.0", "sodium-universal": "^5.0.0" } }, "sha512-ltIz2uDwy9pO/ZGTvqcjzyBkvt6O4cVm4r/nNxh0GFs/RbQtqP/i4wCvLEdmU7ptgtnw7fI67WYD1aHPuv4OVA=="],

    "hypercore-id-encoding": ["hypercore-id-encoding@1.3.0", "", { "dependencies": { "b4a": "^1.5.3", "z32": "^1.0.0" } }, "sha512-W6sHdGo5h7LXEsoWfKf/KfuROZmZRQDlGqJF2EPHW+noCK66Vvr0+zE6cL0vqQi18s0kQPeN7Sq3QyR0Ytc2VQ=="],

    "hyperdht": ["hyperdht@6.29.6", "", { "dependencies": { "@hyperswarm/secret-stream": "^6.6.2", "b4a": "^1.3.1", "bare-events": "^2.2.0", "blind-relay": "^1.3.0", "bogon": "^1.0.0", "compact-encoding": "^2.4.1", "dht-rpc": "^6.15.1", "hypercore-crypto": "^3.3.0", "hypercore-id-encoding": "^1.2.0", "noise-curve-ed": "^2.0.0", "noise-handshake": "^4.0.0", "record-cache": "^1.1.1", "safety-catch": "^1.0.1", "signal-promise": "^1.0.3", "sodium-universal": "^5.0.1", "streamx": "^2.16.1", "unslab": "^1.3.0", "xache": "^1.1.0" }, "bin": { "hyperdht": "bin.js" } }, "sha512-bMMtw02fhiALdsTVLNZ/VFmMZuEY8kxb0/Rprl6oYF4/TCS653i3FDjtJeRbqtnAzwAj6dVZ/EwhoNOSCFGaYQ=="],

    "hypershell": ["hypershell@0.0.15", "", { "dependencies": { "@hyperswarm/secret-stream": "^6.1.0", "commander": "^9.4.1", "compact-encoding": "^2.11.0", "graceful-goodbye": "^1.1.0", "hypercore-id-encoding": "^1.2.0", "hyperdht": "^6.6.0", "keypear": "^1.1.1", "protomux": "^3.4.0", "pump": "^3.0.0", "read-file-live": "^1.0.1", "ready-resource": "^1.0.0", "safety-catch": "^1.0.2", "tar-fs": "^2.1.1", "tiny-configs": "^1.1.0", "tt-native": "^1.0.2" }, "bin": { "hypershell-server": "bin/server.js", "hypershell": "bin/client.js", "hypershell-copy": "bin/copy.js", "hypershell-keygen": "bin/keygen.js" } }, "sha512-t1BSPbZmp05LXySySNVG+qpsveDK09CGepZuE9Ej9oFzCPJjIG4bLK7Z+D0VX9eQuUQeotn93i5GT8u397c4Bg=="],

    "ieee754": ["ieee754@1.2.1", "", {}, "sha512-dcyqhDvX1C46lXZcVqCpK+FtMRQVdIMN6/Df5js2zouUsqG7I6sFxitIC+7KYK29KdXOLHdu9zL4sFnoVQnqaA=="],

    "inherits": ["inherits@2.0.4", "", {}, "sha512-k/vGaX4/Yla3WzyMCvTQOXYeIHvqOKtnqBduzTHpzpQZzAskKMhZ2K+EnBiSM9zGSoIFeMpXKxa4dYeZIQqewQ=="],

    "kademlia-routing-table": ["kademlia-routing-table@1.0.6", "", { "dependencies": { "bare-events": "^2.2.0" } }, "sha512-Ve6jwIlUCYvUzBnXnzVRHDZCFgXURW9gmF3r7n05kZs/2rNbLHXwGdcq0qIaSwdmJCvtosgR4JensnVU65hzNQ=="],

    "keypear": ["keypear@1.2.2", "", { "dependencies": { "b4a": "^1.6.0", "sodium-native": "^4.0.3" } }, "sha512-eOazQxaSandFJViR0C+8f9FwCxteRcXF+rz/2RpIAxgLtCV2lz7JwbxYWZezsrAfNWKAmV/kwFZdSxGCJCbr2A=="],

    "load-addon": ["load-addon@1.0.0", "", { "dependencies": { "bare-addon-resolve": "^1.3.0" } }, "sha512-6XaA7xfpHW1CeQRrLFE9+9y8nDZMX3ZaoCMSo+Gp2i58dfY549SQqqb2ukAgQtAACEDJmaroHJvnL03cJ+KLvA=="],

    "mkdirp-classic": ["mkdirp-classic@0.5.3", "", {}, "sha512-gKLcREMhtuZRwRAfqP3RFW+TK4JqApVBtOIftVgjuABpAtpxhPGaDcfvbhNvD0B8iD1oUr/txX35NjcaY6Ns/A=="],

    "nanoassert": ["nanoassert@2.0.0", "", {}, "sha512-7vO7n28+aYO4J+8w96AzhmU8G+Y/xpPDJz/se19ICsqj/momRbb9mh9ZUtkoJ5X3nTnPdhEJyc0qnM6yAsHBaA=="],

    "nat-sampler": ["nat-sampler@1.0.1", "", {}, "sha512-yQvyNN7xbqR8crTKk3U8gRgpcV1Az+vfCEijiHu9oHHsnIl8n3x+yXNHl42M6L3czGynAVoOT9TqBfS87gDdcw=="],

    "noise-curve-ed": ["noise-curve-ed@2.1.0", "", { "dependencies": { "b4a": "^1.1.0", "nanoassert": "^2.0.0", "sodium-universal": "^5.0.0" } }, "sha512-zAzJx+VwZM3w6EA1hTmDhJfvAnCeBQn/1FAeZ0LtGxCcCtlAK/uJXQVF/eDVUOaAZ286lHlx77WJ+qj9SmsRRg=="],

    "noise-handshake": ["noise-handshake@4.2.0", "", { "dependencies": { "b4a": "^1.1.0", "nanoassert": "^2.0.0", "sodium-universal": "^5.0.0" } }, "sha512-9O/VTNX/E2/AToyMTTDU0J/4WhaXMTdqc2DHs9vf+snoZ0cenSBq0dNYTVV1snYYEkmo6QeRrYMxtqtoYnY+LA=="],

    "once": ["once@1.4.0", "", { "dependencies": { "wrappy": "1" } }, "sha512-lNaJgI+2Q5URQBkccEKHTQOPaXdUxnZZElQTZY0MFUAuaEqe1E+Nyvgdz/aIyNi6Z9MzO5dv1H8n58/GELp3+w=="],

    "protomux": ["protomux@3.10.1", "", { "dependencies": { "b4a": "^1.3.1", "compact-encoding": "^2.5.1", "queue-tick": "^1.0.0", "safety-catch": "^1.0.1", "unslab": "^1.3.0" } }, "sha512-jgBqx8ZyaBWea/DFG4eOu1scOaeBwcnagiRC1XFVrjeGt7oAb0Pk5udPpBUpJ4DJBRjra50jD6YcZiQQTRqaaA=="],

    "pump": ["pump@3.0.4", "", { "dependencies": { "end-of-stream": "^1.1.0", "once": "^1.3.1" } }, "sha512-VS7sjc6KR7e1ukRFhQSY5LM2uBWAUPiOPa/A3mkKmiMwSmRFUITt0xuj+/lesgnCv+dPIEYlkzrcyXgquIHMcA=="],

    "queue-tick": ["queue-tick@1.0.1", "", {}, "sha512-kJt5qhMxoszgU/62PLP1CJytzd2NKetjSRnyuj31fDd3Rlcz3fzlFdFLD1SItunPwyqEOkca6GbV612BWfaBag=="],

    "read-file-live": ["read-file-live@1.0.1", "", {}, "sha512-GGSHWa9QSYT/D+Lc71oWGfEhEsT6V36TIXUfOrBn2svETafcENs0A3t/GdU8wH8z6gBhJWPUQelnF0fO75A6ww=="],

    "readable-stream": ["readable-stream@3.6.2", "", { "dependencies": { "inherits": "^2.0.3", "string_decoder": "^1.1.1", "util-deprecate": "^1.0.1" } }, "sha512-9u/sniCrY3D5WdsERHzHE4G2YCXqoG5FTHUiCC4SIbr6XcLZBY05ya9EKjYek9O5xOAwjGq+1JdGBAS7Q9ScoA=="],

    "ready-resource": ["ready-resource@1.2.0", "", { "dependencies": { "bare-events": "^2.2.0" } }, "sha512-nfcco/8iAFV0M+2PYnmIc+/xY0iRb35d42HFHQ7AfjulbGEAFa+XWpByfwSyeVeiBoMLLFVMv1HixxNCqzSQ1g=="],

    "record-cache": ["record-cache@1.2.0", "", { "dependencies": { "b4a": "^1.3.1" } }, "sha512-kyy3HWCez2WrotaL3O4fTn0rsIdfRKOdQQcEJ9KpvmKmbffKVvwsloX063EgRUlpJIXHiDQFhJcTbZequ2uTZw=="],

    "require-addon": ["require-addon@1.2.0", "", { "dependencies": { "bare-addon-resolve": "^1.3.0" } }, "sha512-VNPDZlYgIYQwWp9jMTzljx+k0ZtatKlcvOhktZ/anNPI3dQ9NXk7cq2U4iJ1wd9IrytRnYhyEocFWbkdPb+MYA=="],

    "safe-buffer": ["safe-buffer@5.2.1", "", {}, "sha512-rp3So07KcdmmKbGvgaNxQSJr7bGVSVk5S9Eq1F+ppbRo70+YeaDxkw5Dd8NPN+GD6bjnYm2VuPuCXmpuYvmCXQ=="],

    "safety-catch": ["safety-catch@1.0.3", "", {}, "sha512-Zq+J1TefpoEq/HTUabo0YXX5MNvttjWYODGohgPBO2jfko8Wqx3JYMgE823szDFVamdH5PlpByvfiWScTdSYDA=="],

    "signal-promise": ["signal-promise@1.0.3", "", {}, "sha512-WBgv0UnIq2C+Aeh0/n+IRpP6967eIx9WpynTUoiW3isPpfe1zu2LJzyfXdo9Tgef8yR/sGjcMvoUXD7EYdiz+g=="],

    "sodium-native": ["sodium-native@5.1.0", "", { "dependencies": { "bare-assert": "^1.2.0", "require-addon": "^1.1.0", "which-runtime": "^1.2.1" } }, "sha512-3RxgyWyJlhTsABPnJVpCI5CoTDANZTqqFrEPqr+kjfnRaBihpVtMUE3yTF40ukdoB1APXeoBNKF3MzZAIHg39g=="],

    "sodium-secretstream": ["sodium-secretstream@1.2.0", "", { "dependencies": { "b4a": "^1.1.1", "sodium-universal": "^5.0.0" } }, "sha512-q/DbraNFXm1KfCiiZvapmz5UC3OlpirYFIvBK2MhGaOFSb3gRyk8OXTi17UI9SGfshQNCpsVvlopogbzZNyW6Q=="],

    "sodium-universal": ["sodium-universal@5.0.1", "", { "dependencies": { "sodium-native": "^5.0.1" }, "peerDependencies": { "sodium-javascript": "~0.8.0" }, "optionalPeers": ["sodium-javascript"] }, "sha512-rv+aH+tnKB5H0MAc2UadHShLMslpJsc4wjdnHRtiSIEYpOetCgu8MS4ExQRia+GL/MK3uuCyZPeEsi+J3h+Q+Q=="],

    "streamx": ["streamx@2.25.0", "", { "dependencies": { "events-universal": "^1.0.0", "fast-fifo": "^1.3.2", "text-decoder": "^1.1.0" } }, "sha512-0nQuG6jf1w+wddNEEXCF4nTg3LtufWINB5eFEN+5TNZW7KWJp6x87+JFL43vaAUPyCfH1wID+mNVyW6OHtFamg=="],

    "string_decoder": ["string_decoder@1.3.0", "", { "dependencies": { "safe-buffer": "~5.2.0" } }, "sha512-hkRX8U1WjJFd8LsDJ2yQ/wWWxaopEsABU1XfkM8A+j0+85JAGppt16cr1Whg6KIbb4okU6Mql6BOj+uup/wKeA=="],

    "tar-fs": ["tar-fs@2.1.4", "", { "dependencies": { "chownr": "^1.1.1", "mkdirp-classic": "^0.5.2", "pump": "^3.0.0", "tar-stream": "^2.1.4" } }, "sha512-mDAjwmZdh7LTT6pNleZ05Yt65HC3E+NiQzl672vQG38jIrehtJk/J3mNwIg+vShQPcLF/LV7CMnDW6vjj6sfYQ=="],

    "tar-stream": ["tar-stream@2.2.0", "", { "dependencies": { "bl": "^4.0.3", "end-of-stream": "^1.4.1", "fs-constants": "^1.0.0", "inherits": "^2.0.3", "readable-stream": "^3.1.1" } }, "sha512-ujeqbceABgwMZxEJnk2HDY2DlnUZ+9oEcb1KzTVfYHio0UE6dG71n60d8D2I4qNvleWrrXpmjpt7vZeF1LnMZQ=="],

    "teex": ["teex@1.0.1", "", { "dependencies": { "streamx": "^2.12.5" } }, "sha512-eYE6iEI62Ni1H8oIa7KlDU6uQBtqr4Eajni3wX7rpfXD8ysFx8z0+dri+KWEPWpBsxXfxu58x/0jvTVT1ekOSg=="],

    "text-decoder": ["text-decoder@1.2.7", "", { "dependencies": { "b4a": "^1.6.4" } }, "sha512-vlLytXkeP4xvEq2otHeJfSQIRyWxo/oZGEbXrtEEF9Hnmrdly59sUbzZ/QgyWuLYHctCHxFF4tRQZNQ9k60ExQ=="],

    "time-ordered-set": ["time-ordered-set@2.0.1", "", {}, "sha512-VJEKmgSN2UiOLB8BpN8Sh2b9LGMHTP5OPrQRpnKjvOheOyzk0mufbjzjKTIG2gO4A+Y+vDJ+0TcLbpUmMLsg8A=="],

    "timeout-refresh": ["timeout-refresh@2.0.1", "", {}, "sha512-SVqEcMZBsZF9mA78rjzCrYrUs37LMJk3ShZ851ygZYW1cMeIjs9mL57KO6Iv5mmjSQnOe/29/VAfGXo+oRCiVw=="],

    "tiny-configs": ["tiny-configs@1.1.0", "", {}, "sha512-Q7qsfVK0KIQReeLCPLBLMNtvlyr5i7OCND/svDJBAwab/l48LFii8gL0wciaI4Luv0rf2C5AP+EbqF+vbwfwng=="],

    "tt-native": ["tt-native@1.1.1", "", { "dependencies": { "b4a": "^1.6.0", "load-addon": "^1.0.0", "streamx": "^2.12.5" } }, "sha512-5hRGq9QxyYA9Ptoss4Yy0kliZDJ7CSW2PrSPkMPppUzFNnpisjZfzdCXaW5TDtojZdmR8639SIOQRQAu7GWGVA=="],

    "udx-native": ["udx-native@1.19.2", "", { "dependencies": { "b4a": "^1.5.0", "bare-events": "^2.2.0", "require-addon": "^1.1.0", "streamx": "^2.22.0" } }, "sha512-RNYh+UhfryCsF5hE2ZOuIqcZ+qdipXK3UsarwxWJwsUQZFE3ybwz0mPjwb5ev1PMBcjFahWiepS/q0wwL51c2g=="],

    "unslab": ["unslab@1.3.0", "", { "dependencies": { "b4a": "^1.6.6" } }, "sha512-YATkfKAFj47kTzmiQrWXMyRvaVrHsW6MEALa4bm+FhiA2YG4oira+Z3DXN6LrYOYn2Y8eO94Lwl9DOHjs1FpoQ=="],

    "util-deprecate": ["util-deprecate@1.0.2", "", {}, "sha512-EPD5q1uXyFxJpCrLnCc1nHnq3gOa6DZBocAIiI2TaSCA7VCJ1UJDMagCzIkXNsUYfD1daK//LTEQ8xiIbrHtcw=="],

    "which-runtime": ["which-runtime@1.3.2", "", {}, "sha512-5kwCfWml7+b2NO7KrLMhYihjRx0teKkd3yGp1Xk5Vaf2JGdSh+rgVhEALAD9c/59dP+YwJHXoEO7e8QPy7gOkw=="],

    "wrappy": ["wrappy@1.0.2", "", {}, "sha512-l4Sp/DRseor9wL6EvV2+TuQn63dMkPjZ/sp9XkghTEbV9KlPS1xUsZ3u7/IQO4wxtcFB4bgpQPRcR3QCvezPcQ=="],

    "xache": ["xache@1.2.1", "", {}, "sha512-igRS6jPreJ54ABdzhh4mCDXcz+XMaWO2q1ABRV2yWYuk29jlp8VT7UBdCqNkX7rpYBbXsebVVKkwIuYZjyZNqA=="],

    "z32": ["z32@1.1.0", "", { "dependencies": { "b4a": "^1.5.3" } }, "sha512-1WUHy+VS6d0HPNspDxvLssBbeQjXMjSnpv0vH82vRAUfg847NmX3OXozp/hRP5jPhxBbrVzrgvAt+UsGNzRFQQ=="],

    "keypear/sodium-native": ["sodium-native@4.3.3", "", { "dependencies": { "require-addon": "^1.1.0" } }, "sha512-OnxSlN3uyY8D0EsLHpmm2HOFmKddQVvEMmsakCrXUzSd8kjjbzL413t4ZNF3n0UxSwNgwTyUvkmZHTfuCeiYSw=="],
  }
}
